
Microsoft Visual Studio Solution File, Format Version 12.00
# Visual Studio Version 17
VisualStudioVersion = 17.14.36603.0
MinimumVisualStudioVersion = 10.0.40219.1
Project("{FAE04EC0-301F-11D3-BF4B-00C04F79EFBC}") = "TodoApp", "TodoApp\TodoApp.csproj", "{1BA08DEA-F86E-42C3-AD64-FCC8CB9671A7}"
EndProject
Project("{FAE04EC0-301F-11D3-BF4B-00C04F79EFBC}") = "TodoApp.Data", "TodoApp.Data\TodoApp.Data.csproj", "{6FDAE7BA-6E66-4C71-A92D-156B97F99B8F}"
EndProject
Project("{FAE04EC0-301F-11D3-BF4B-00C04F79EFBC}") = "TodoApp.Domain", "TodoApp.Domain\TodoApp.Domain.csproj", "{48F32F44-628E-439F-A5BE-F39CA68F882D}"
EndProject
Project("{FAE04EC0-301F-11D3-BF4B-00C04F79EFBC}") = "TodoApp.Application", "TodoApp.Application\TodoApp.Application.csproj", "{E10FD3BB-1D55-4064-AF18-326D18CE0150}"
EndProject
Project("{FAE04EC0-301F-11D3-BF4B-00C04F79EFBC}") = "TodoApp.Utils", "TodoApp.Utils\TodoApp.Utils.csproj", "{E9F4EE2A-4D73-4507-ABFE-0368D932C66C}"
EndProject
Global
	GlobalSection(SolutionConfigurationPlatforms) = preSolution
		Debug|Any CPU = Debug|Any CPU
		Release|Any CPU = Release|Any CPU
	EndGlobalSection
	GlobalSection(ProjectConfigurationPlatforms) = postSolution
		{1BA08DEA-F86E-42C3-AD64-FCC8CB9671A7}.Debug|Any CPU.ActiveCfg = Debug|Any CPU
		{1BA08DEA-F86E-42C3-AD64-FCC8CB9671A7}.Debug|Any CPU.Build.0 = Debug|Any CPU
		{1BA08DEA-F86E-42C3-AD64-FCC8CB9671A7}.Release|Any CPU.ActiveCfg = Release|Any CPU
		{1BA08DEA-F86E-42C3-AD64-FCC8CB9671A7}.Release|Any CPU.Build.0 = Release|Any CPU
		{6FDAE7BA-6E66-4C71-A92D-156B97F99B8F}.Debug|Any CPU.ActiveCfg = Debug|Any CPU
		{6FDAE7BA-6E66-4C71-A92D-156B97F99B8F}.Debug|Any CPU.Build.0 = Debug|Any CPU
		{6FDAE7BA-6E66-4C71-A92D-156B97F99B8F}.Release|Any CPU.ActiveCfg = Release|Any CPU
		{6FDAE7BA-6E66-4C71-A92D-156B97F99B8F}.Release|Any CPU.Build.0 = Release|Any CPU
		{48F32F44-628E-439F-A5BE-F39CA68F882D}.Debug|Any CPU.ActiveCfg = Debug|Any CPU
		{48F32F44-628E-439F-A5BE-F39CA68F882D}.Debug|Any CPU.Build.0 = Debug|Any CPU
		{48F32F44-628E-439F-A5BE-F39CA68F882D}.Release|Any CPU.ActiveCfg = Release|Any CPU
		{48F32F44-628E-439F-A5BE-F39CA68F882D}.Release|Any CPU.Build.0 = Release|Any CPU
		{E10FD3BB-1D55-4064-AF18-326D18CE0150}.Debug|Any CPU.ActiveCfg = Debug|Any CPU
		{E10FD3BB-1D55-4064-AF18-326D18CE0150}.Debug|Any CPU.Build.0 = Debug|Any CPU
		{E10FD3BB-1D55-4064-AF18-326D18CE0150}.Release|Any CPU.ActiveCfg = Release|Any CPU
		{E10FD3BB-1D55-4064-AF18-326D18CE0150}.Release|Any CPU.Build.0 = Release|Any CPU
		{E9F4EE2A-4D73-4507-ABFE-0368D932C66C}.Debug|Any CPU.ActiveCfg = Debug|Any CPU
		{E9F4EE2A-4D73-4507-ABFE-0368D932C66C}.Debug|Any CPU.Build.0 = Debug|Any CPU
		{E9F4EE2A-4D73-4507-ABFE-0368D932C66C}.Release|Any CPU.ActiveCfg = Release|Any CPU
		{E9F4EE2A-4D73-4507-ABFE-0368D932C66C}.Release|Any CPU.Build.0 = Release|Any CPU
	EndGlobalSection
	GlobalSection(SolutionProperties) = preSolution
		HideSolutionNode = FALSE
	EndGlobalSection
	GlobalSection(ExtensibilityGlobals) = postSolution
		SolutionGuid = {91897E19-1B29-4280-8215-AA00280C4F52}
	EndGlobalSection
EndGlobal
